
Microsoft Visual Studio Solution File, Format Version 12.00
# Visual Studio Version 17
VisualStudioVersion = 17.11.35208.52
MinimumVisualStudioVersion = 10.0.40219.1
Project("{FAE04EC0-301F-11D3-BF4B-00C04F79EFBC}") = "Calculate and print student grades", "Calculate and print student grades\Calculate and print student grades.csproj", "{0520B546-FF0D-41E2-A014-0F59148EAE39}"
EndProject
Global
	GlobalSection(SolutionConfigurationPlatforms) = preSolution
		Debug|Any CPU = Debug|Any CPU
		Release|Any CPU = Release|Any CPU
	EndGlobalSection
	GlobalSection(ProjectConfigurationPlatforms) = postSolution
		{0520B546-FF0D-41E2-A014-0F59148EAE39}.Debug|Any CPU.ActiveCfg = Debug|Any CPU
		{0520B546-FF0D-41E2-A014-0F59148EAE39}.Debug|Any CPU.Build.0 = Debug|Any CPU
		{0520B546-FF0D-41E2-A014-0F59148EAE39}.Release|Any CPU.ActiveCfg = Release|Any CPU
		{0520B546-FF0D-41E2-A014-0F59148EAE39}.Release|Any CPU.Build.0 = Release|Any CPU
	EndGlobalSection
	GlobalSection(SolutionProperties) = preSolution
		HideSolutionNode = FALSE
	EndGlobalSection
	GlobalSection(ExtensibilityGlobals) = postSolution
		SolutionGuid = {A7A55682-8F4D-4EC0-850D-9C2EF2F1DBF7}
	EndGlobalSection
EndGlobal
